
Microsoft Visual Studio Solution File, Format Version 12.00
# Visual Studio Version 17
VisualStudioVersion = 17.6.33723.286
MinimumVisualStudioVersion = 10.0.40219.1
Project("{9A19103F-16F7-4668-BE54-9A1E7A4F7556}") = "PlantAppAPI", "PlantAppAPI\PlantAppAPI.csproj", "{4C215813-3451-49D8-9039-A0044BA54874}"
EndProject
Project("{2150E333-8FDC-42A3-9474-1A3956D46DE8}") = "Backend", "Backend", "{445AA396-944B-40CF-BE29-3D3A93042A8B}"
EndProject
Project("{2150E333-8FDC-42A3-9474-1A3956D46DE8}") = "tests", "tests", "{45893E3F-5DB5-4FE1-B3DD-2688A4654625}"
EndProject
Project("{2150E333-8FDC-42A3-9474-1A3956D46DE8}") = "Infra", "Infra", "{DC115E52-CAA8-4290-B5D5-EF3E37961AB7}"
EndProject
Project("{2150E333-8FDC-42A3-9474-1A3956D46DE8}") = "Core", "Core", "{74860630-05DF-4C16-A2A2-98B079DA9EB2}"
EndProject
Project("{9A19103F-16F7-4668-BE54-9A1E7A4F7556}") = "Application", "Core\Application\Application.csproj", "{3AC3B8E4-41B4-4F33-A1B1-1B79AAC773D9}"
EndProject
Project("{9A19103F-16F7-4668-BE54-9A1E7A4F7556}") = "Domain", "Core\Domain\Domain.csproj", "{01440B96-DE3C-4A3C-B11A-49646095B9EC}"
EndProject
Project("{9A19103F-16F7-4668-BE54-9A1E7A4F7556}") = "Infrastructure", "Infra\Infrastructure\Infrastructure.csproj", "{C2A923CB-B758-472B-8768-C1A0EE7C5598}"
EndProject
Project("{2150E333-8FDC-42A3-9474-1A3956D46DE8}") = "Frontend", "Frontend", "{3955BCE3-B025-472D-93E7-7E68603A7F17}"
EndProject
Project("{54A90642-561A-4BB1-A94E-469ADEE60C69}") = "frontapp", "..\Frontend\frontapp\frontapp.esproj", "{E15FD8A0-8476-4360-95E3-57A72382D9E6}"
EndProject
Project("{2150E333-8FDC-42A3-9474-1A3956D46DE8}") = "Core", "Core", "{AE78AD7A-CBDC-4904-845D-8479C78C2DB8}"
EndProject
Project("{FAE04EC0-301F-11D3-BF4B-00C04F79EFBC}") = "ApplicationTests", "ApplicationTests\ApplicationTests.csproj", "{4E546A41-5EFB-4BF5-80D8-9421D853CEB4}"
EndProject
Project("{FAE04EC0-301F-11D3-BF4B-00C04F79EFBC}") = "DomainTests", "DomainTests\DomainTests.csproj", "{C2A70CA8-9B53-4043-BAD0-35CC75EB5F3B}"
EndProject
Project("{FAE04EC0-301F-11D3-BF4B-00C04F79EFBC}") = "InfrastuctureTests", "InfrastuctureTests\InfrastuctureTests.csproj", "{62D404D7-8AD4-4944-AEAB-0F393C52D461}"
EndProject
Global
	GlobalSection(SolutionConfigurationPlatforms) = preSolution
		Debug|Any CPU = Debug|Any CPU
		Release|Any CPU = Release|Any CPU
	EndGlobalSection
	GlobalSection(ProjectConfigurationPlatforms) = postSolution
		{4C215813-3451-49D8-9039-A0044BA54874}.Debug|Any CPU.ActiveCfg = Debug|Any CPU
		{4C215813-3451-49D8-9039-A0044BA54874}.Debug|Any CPU.Build.0 = Debug|Any CPU
		{4C215813-3451-49D8-9039-A0044BA54874}.Release|Any CPU.ActiveCfg = Release|Any CPU
		{4C215813-3451-49D8-9039-A0044BA54874}.Release|Any CPU.Build.0 = Release|Any CPU
		{3AC3B8E4-41B4-4F33-A1B1-1B79AAC773D9}.Debug|Any CPU.ActiveCfg = Debug|Any CPU
		{3AC3B8E4-41B4-4F33-A1B1-1B79AAC773D9}.Debug|Any CPU.Build.0 = Debug|Any CPU
		{3AC3B8E4-41B4-4F33-A1B1-1B79AAC773D9}.Release|Any CPU.ActiveCfg = Release|Any CPU
		{3AC3B8E4-41B4-4F33-A1B1-1B79AAC773D9}.Release|Any CPU.Build.0 = Release|Any CPU
		{01440B96-DE3C-4A3C-B11A-49646095B9EC}.Debug|Any CPU.ActiveCfg = Debug|Any CPU
		{01440B96-DE3C-4A3C-B11A-49646095B9EC}.Debug|Any CPU.Build.0 = Debug|Any CPU
		{01440B96-DE3C-4A3C-B11A-49646095B9EC}.Release|Any CPU.ActiveCfg = Release|Any CPU
		{01440B96-DE3C-4A3C-B11A-49646095B9EC}.Release|Any CPU.Build.0 = Release|Any CPU
		{C2A923CB-B758-472B-8768-C1A0EE7C5598}.Debug|Any CPU.ActiveCfg = Debug|Any CPU
		{C2A923CB-B758-472B-8768-C1A0EE7C5598}.Debug|Any CPU.Build.0 = Debug|Any CPU
		{C2A923CB-B758-472B-8768-C1A0EE7C5598}.Release|Any CPU.ActiveCfg = Release|Any CPU
		{C2A923CB-B758-472B-8768-C1A0EE7C5598}.Release|Any CPU.Build.0 = Release|Any CPU
		{E15FD8A0-8476-4360-95E3-57A72382D9E6}.Debug|Any CPU.ActiveCfg = Debug|Any CPU
		{E15FD8A0-8476-4360-95E3-57A72382D9E6}.Debug|Any CPU.Build.0 = Debug|Any CPU
		{E15FD8A0-8476-4360-95E3-57A72382D9E6}.Debug|Any CPU.Deploy.0 = Debug|Any CPU
		{E15FD8A0-8476-4360-95E3-57A72382D9E6}.Release|Any CPU.ActiveCfg = Release|Any CPU
		{E15FD8A0-8476-4360-95E3-57A72382D9E6}.Release|Any CPU.Build.0 = Release|Any CPU
		{E15FD8A0-8476-4360-95E3-57A72382D9E6}.Release|Any CPU.Deploy.0 = Release|Any CPU
		{4E546A41-5EFB-4BF5-80D8-9421D853CEB4}.Debug|Any CPU.ActiveCfg = Debug|Any CPU
		{4E546A41-5EFB-4BF5-80D8-9421D853CEB4}.Debug|Any CPU.Build.0 = Debug|Any CPU
		{4E546A41-5EFB-4BF5-80D8-9421D853CEB4}.Release|Any CPU.ActiveCfg = Release|Any CPU
		{4E546A41-5EFB-4BF5-80D8-9421D853CEB4}.Release|Any CPU.Build.0 = Release|Any CPU
		{C2A70CA8-9B53-4043-BAD0-35CC75EB5F3B}.Debug|Any CPU.ActiveCfg = Debug|Any CPU
		{C2A70CA8-9B53-4043-BAD0-35CC75EB5F3B}.Debug|Any CPU.Build.0 = Debug|Any CPU
		{C2A70CA8-9B53-4043-BAD0-35CC75EB5F3B}.Release|Any CPU.ActiveCfg = Release|Any CPU
		{C2A70CA8-9B53-4043-BAD0-35CC75EB5F3B}.Release|Any CPU.Build.0 = Release|Any CPU
		{62D404D7-8AD4-4944-AEAB-0F393C52D461}.Debug|Any CPU.ActiveCfg = Debug|Any CPU
		{62D404D7-8AD4-4944-AEAB-0F393C52D461}.Debug|Any CPU.Build.0 = Debug|Any CPU
		{62D404D7-8AD4-4944-AEAB-0F393C52D461}.Release|Any CPU.ActiveCfg = Release|Any CPU
		{62D404D7-8AD4-4944-AEAB-0F393C52D461}.Release|Any CPU.Build.0 = Release|Any CPU
	EndGlobalSection
	GlobalSection(SolutionProperties) = preSolution
		HideSolutionNode = FALSE
	EndGlobalSection
	GlobalSection(NestedProjects) = preSolution
		{4C215813-3451-49D8-9039-A0044BA54874} = {445AA396-944B-40CF-BE29-3D3A93042A8B}
		{DC115E52-CAA8-4290-B5D5-EF3E37961AB7} = {445AA396-944B-40CF-BE29-3D3A93042A8B}
		{74860630-05DF-4C16-A2A2-98B079DA9EB2} = {445AA396-944B-40CF-BE29-3D3A93042A8B}
		{3AC3B8E4-41B4-4F33-A1B1-1B79AAC773D9} = {74860630-05DF-4C16-A2A2-98B079DA9EB2}
		{01440B96-DE3C-4A3C-B11A-49646095B9EC} = {74860630-05DF-4C16-A2A2-98B079DA9EB2}
		{C2A923CB-B758-472B-8768-C1A0EE7C5598} = {DC115E52-CAA8-4290-B5D5-EF3E37961AB7}
		{E15FD8A0-8476-4360-95E3-57A72382D9E6} = {3955BCE3-B025-472D-93E7-7E68603A7F17}
		{AE78AD7A-CBDC-4904-845D-8479C78C2DB8} = {45893E3F-5DB5-4FE1-B3DD-2688A4654625}
		{4E546A41-5EFB-4BF5-80D8-9421D853CEB4} = {AE78AD7A-CBDC-4904-845D-8479C78C2DB8}
		{C2A70CA8-9B53-4043-BAD0-35CC75EB5F3B} = {AE78AD7A-CBDC-4904-845D-8479C78C2DB8}
		{62D404D7-8AD4-4944-AEAB-0F393C52D461} = {45893E3F-5DB5-4FE1-B3DD-2688A4654625}
	EndGlobalSection
	GlobalSection(ExtensibilityGlobals) = postSolution
		SolutionGuid = {4B1F7C79-572D-4ADE-BF41-4BCE7170FB59}
	EndGlobalSection
EndGlobal
